
Microsoft Visual Studio Solution File, Format Version 12.00
# Visual Studio Version 17
VisualStudioVersion = 17.10.35027.167
MinimumVisualStudioVersion = 10.0.40219.1
Project("{FAE04EC0-301F-11D3-BF4B-00C04F79EFBC}") = "TestAPIwithJWTAuthentication", "TestAPIwithJWTAuthentication.csproj", "{3FD57595-459F-42A1-B4AC-1566318F8D3D}"
EndProject
Project("{FAE04EC0-301F-11D3-BF4B-00C04F79EFBC}") = "SecureAPIwithJWTandRefreshTokens", "SecureAPIwithJWTandRefreshTokens.csproj", "{541040C3-CD59-4095-8F55-4D8560205F4C}"
EndProject
Global
	GlobalSection(SolutionConfigurationPlatforms) = preSolution
		Debug|Any CPU = Debug|Any CPU
		Release|Any CPU = Release|Any CPU
	EndGlobalSection
	GlobalSection(ProjectConfigurationPlatforms) = postSolution
		{3FD57595-459F-42A1-B4AC-1566318F8D3D}.Debug|Any CPU.ActiveCfg = Debug|Any CPU
		{3FD57595-459F-42A1-B4AC-1566318F8D3D}.Debug|Any CPU.Build.0 = Debug|Any CPU
		{3FD57595-459F-42A1-B4AC-1566318F8D3D}.Release|Any CPU.ActiveCfg = Release|Any CPU
		{3FD57595-459F-42A1-B4AC-1566318F8D3D}.Release|Any CPU.Build.0 = Release|Any CPU
		{541040C3-CD59-4095-8F55-4D8560205F4C}.Debug|Any CPU.ActiveCfg = Debug|Any CPU
		{541040C3-CD59-4095-8F55-4D8560205F4C}.Debug|Any CPU.Build.0 = Debug|Any CPU
		{541040C3-CD59-4095-8F55-4D8560205F4C}.Release|Any CPU.ActiveCfg = Release|Any CPU
		{541040C3-CD59-4095-8F55-4D8560205F4C}.Release|Any CPU.Build.0 = Release|Any CPU
	EndGlobalSection
	GlobalSection(SolutionProperties) = preSolution
		HideSolutionNode = FALSE
	EndGlobalSection
	GlobalSection(ExtensibilityGlobals) = postSolution
		SolutionGuid = {4C0A142C-0FB3-4026-84C1-3AD2ED33E1D5}
	EndGlobalSection
EndGlobal
